
Microsoft Visual Studio Solution File, Format Version 10.00
# Visual Studio 2008
Project("{8BC9CEB8-8B4A-11D0-8D11-00A0C91BC942}") = "ExaMinLight", "ExaMinLight.vcproj", "{19A810D2-7061-4BFE-B698-3F2B43BA9BA2}"
EndProject
Project("{8BC9CEB8-8B4A-11D0-8D11-00A0C91BC942}") = "TestExaMinLight", "TestExaMinLight.vcproj", "{5040BCAF-198C-4CB5-95AA-C488571DF816}"
EndProject
Global
	GlobalSection(SolutionConfigurationPlatforms) = preSolution
		Debug|Win32 = Debug|Win32
		Release|Win32 = Release|Win32
	EndGlobalSection
	GlobalSection(ProjectConfigurationPlatforms) = postSolution
		{19A810D2-7061-4BFE-B698-3F2B43BA9BA2}.Debug|Win32.ActiveCfg = Debug|Win32
		{19A810D2-7061-4BFE-B698-3F2B43BA9BA2}.Debug|Win32.Build.0 = Debug|Win32
		{19A810D2-7061-4BFE-B698-3F2B43BA9BA2}.Release|Win32.ActiveCfg = Release|Win32
		{19A810D2-7061-4BFE-B698-3F2B43BA9BA2}.Release|Win32.Build.0 = Release|Win32
		{5040BCAF-198C-4CB5-95AA-C488571DF816}.Debug|Win32.ActiveCfg = Debug|Win32
		{5040BCAF-198C-4CB5-95AA-C488571DF816}.Debug|Win32.Build.0 = Debug|Win32
		{5040BCAF-198C-4CB5-95AA-C488571DF816}.Release|Win32.ActiveCfg = Release|Win32
		{5040BCAF-198C-4CB5-95AA-C488571DF816}.Release|Win32.Build.0 = Release|Win32
	EndGlobalSection
	GlobalSection(SolutionProperties) = preSolution
		HideSolutionNode = FALSE
	EndGlobalSection
EndGlobal
